
Microsoft Visual Studio Solution File, Format Version 12.00
# Visual Studio 15
VisualStudioVersion = 15.0.28307.136
MinimumVisualStudioVersion = 10.0.40219.1
Project("{FAE04EC0-301F-11D3-BF4B-00C04F79EFBC}") = "LinqToSQL_1", "LinqToSQL_1\LinqToSQL_1.csproj", "{D84F41C7-15E2-4FEC-ABFB-E0744B58C97E}"
EndProject
Global
	GlobalSection(SolutionConfigurationPlatforms) = preSolution
		Debug|Any CPU = Debug|Any CPU
		Release|Any CPU = Release|Any CPU
	EndGlobalSection
	GlobalSection(ProjectConfigurationPlatforms) = postSolution
		{D84F41C7-15E2-4FEC-ABFB-E0744B58C97E}.Debug|Any CPU.ActiveCfg = Debug|Any CPU
		{D84F41C7-15E2-4FEC-ABFB-E0744B58C97E}.Debug|Any CPU.Build.0 = Debug|Any CPU
		{D84F41C7-15E2-4FEC-ABFB-E0744B58C97E}.Release|Any CPU.ActiveCfg = Release|Any CPU
		{D84F41C7-15E2-4FEC-ABFB-E0744B58C97E}.Release|Any CPU.Build.0 = Release|Any CPU
	EndGlobalSection
	GlobalSection(SolutionProperties) = preSolution
		HideSolutionNode = FALSE
	EndGlobalSection
	GlobalSection(ExtensibilityGlobals) = postSolution
		SolutionGuid = {299AB6B6-DD20-4F8A-BCF0-C918CDA647CF}
	EndGlobalSection
EndGlobal
